
Microsoft Visual Studio Solution File, Format Version 12.00
# Visual Studio Version 17
VisualStudioVersion = 17.2.32630.192
MinimumVisualStudioVersion = 10.0.40219.1
Project("{FAE04EC0-301F-11D3-BF4B-00C04F79EFBC}") = "Archer.Extension", "Archer.Extension\Archer.Extension.csproj", "{65185720-BC30-4EB2-A94D-CBB965413FBE}"
EndProject
Global
	GlobalSection(SolutionConfigurationPlatforms) = preSolution
		Debug|Any CPU = Debug|Any CPU
		Release|Any CPU = Release|Any CPU
	EndGlobalSection
	GlobalSection(ProjectConfigurationPlatforms) = postSolution
		{65185720-BC30-4EB2-A94D-CBB965413FBE}.Debug|Any CPU.ActiveCfg = Debug|Any CPU
		{65185720-BC30-4EB2-A94D-CBB965413FBE}.Debug|Any CPU.Build.0 = Debug|Any CPU
		{65185720-BC30-4EB2-A94D-CBB965413FBE}.Release|Any CPU.ActiveCfg = Release|Any CPU
		{65185720-BC30-4EB2-A94D-CBB965413FBE}.Release|Any CPU.Build.0 = Release|Any CPU
	EndGlobalSection
	GlobalSection(SolutionProperties) = preSolution
		HideSolutionNode = FALSE
	EndGlobalSection
	GlobalSection(ExtensibilityGlobals) = postSolution
		SolutionGuid = {7B236152-28EE-4B11-931F-60D6714D2A38}
	EndGlobalSection
EndGlobal
